
Microsoft Visual Studio Solution File, Format Version 12.00
# Visual Studio Version 17
VisualStudioVersion = 17.7.34221.43
MinimumVisualStudioVersion = 10.0.40219.1
Project("{8BC9CEB8-8B4A-11D0-8D11-00A0C91BC942}") = "Looping", "Looping\Looping.vcxproj", "{A78CB892-33C6-441B-BB98-3BE18276E98B}"
EndProject
Project("{8BC9CEB8-8B4A-11D0-8D11-00A0C91BC942}") = "whilelooping", "whilelooping\whilelooping.vcxproj", "{BB27A769-94E8-4444-AA65-7F7F89483C36}"
EndProject
Project("{8BC9CEB8-8B4A-11D0-8D11-00A0C91BC942}") = "dowhileloop", "dowhileloop\dowhileloop.vcxproj", "{C086DECB-6D0B-4AEE-9A0B-429E812124DE}"
EndProject
Project("{8BC9CEB8-8B4A-11D0-8D11-00A0C91BC942}") = "LuasPersegi", "LuasPersegi\LuasPersegi.vcxproj", "{96DC3FCC-2D58-472D-917D-2951FA387643}"
EndProject
Project("{8BC9CEB8-8B4A-11D0-8D11-00A0C91BC942}") = "LuasPersegipanjang", "LuasPersegipanjang\LuasPersegipanjang.vcxproj", "{112F0C59-CE09-44AD-8DF3-78E929505045}"
EndProject
Global
	GlobalSection(SolutionConfigurationPlatforms) = preSolution
		Debug|x64 = Debug|x64
		Debug|x86 = Debug|x86
		Release|x64 = Release|x64
		Release|x86 = Release|x86
	EndGlobalSection
	GlobalSection(ProjectConfigurationPlatforms) = postSolution
		{A78CB892-33C6-441B-BB98-3BE18276E98B}.Debug|x64.ActiveCfg = Debug|x64
		{A78CB892-33C6-441B-BB98-3BE18276E98B}.Debug|x64.Build.0 = Debug|x64
		{A78CB892-33C6-441B-BB98-3BE18276E98B}.Debug|x86.ActiveCfg = Debug|Win32
		{A78CB892-33C6-441B-BB98-3BE18276E98B}.Debug|x86.Build.0 = Debug|Win32
		{A78CB892-33C6-441B-BB98-3BE18276E98B}.Release|x64.ActiveCfg = Release|x64
		{A78CB892-33C6-441B-BB98-3BE18276E98B}.Release|x64.Build.0 = Release|x64
		{A78CB892-33C6-441B-BB98-3BE18276E98B}.Release|x86.ActiveCfg = Release|Win32
		{A78CB892-33C6-441B-BB98-3BE18276E98B}.Release|x86.Build.0 = Release|Win32
		{BB27A769-94E8-4444-AA65-7F7F89483C36}.Debug|x64.ActiveCfg = Debug|x64
		{BB27A769-94E8-4444-AA65-7F7F89483C36}.Debug|x64.Build.0 = Debug|x64
		{BB27A769-94E8-4444-AA65-7F7F89483C36}.Debug|x86.ActiveCfg = Debug|Win32
		{BB27A769-94E8-4444-AA65-7F7F89483C36}.Debug|x86.Build.0 = Debug|Win32
		{BB27A769-94E8-4444-AA65-7F7F89483C36}.Release|x64.ActiveCfg = Release|x64
		{BB27A769-94E8-4444-AA65-7F7F89483C36}.Release|x64.Build.0 = Release|x64
		{BB27A769-94E8-4444-AA65-7F7F89483C36}.Release|x86.ActiveCfg = Release|Win32
		{BB27A769-94E8-4444-AA65-7F7F89483C36}.Release|x86.Build.0 = Release|Win32
		{C086DECB-6D0B-4AEE-9A0B-429E812124DE}.Debug|x64.ActiveCfg = Debug|x64
		{C086DECB-6D0B-4AEE-9A0B-429E812124DE}.Debug|x64.Build.0 = Debug|x64
		{C086DECB-6D0B-4AEE-9A0B-429E812124DE}.Debug|x86.ActiveCfg = Debug|Win32
		{C086DECB-6D0B-4AEE-9A0B-429E812124DE}.Debug|x86.Build.0 = Debug|Win32
		{C086DECB-6D0B-4AEE-9A0B-429E812124DE}.Release|x64.ActiveCfg = Release|x64
		{C086DECB-6D0B-4AEE-9A0B-429E812124DE}.Release|x64.Build.0 = Release|x64
		{C086DECB-6D0B-4AEE-9A0B-429E812124DE}.Release|x86.ActiveCfg = Release|Win32
		{C086DECB-6D0B-4AEE-9A0B-429E812124DE}.Release|x86.Build.0 = Release|Win32
		{96DC3FCC-2D58-472D-917D-2951FA387643}.Debug|x64.ActiveCfg = Debug|x64
		{96DC3FCC-2D58-472D-917D-2951FA387643}.Debug|x64.Build.0 = Debug|x64
		{96DC3FCC-2D58-472D-917D-2951FA387643}.Debug|x86.ActiveCfg = Debug|Win32
		{96DC3FCC-2D58-472D-917D-2951FA387643}.Debug|x86.Build.0 = Debug|Win32
		{96DC3FCC-2D58-472D-917D-2951FA387643}.Release|x64.ActiveCfg = Release|x64
		{96DC3FCC-2D58-472D-917D-2951FA387643}.Release|x64.Build.0 = Release|x64
		{96DC3FCC-2D58-472D-917D-2951FA387643}.Release|x86.ActiveCfg = Release|Win32
		{96DC3FCC-2D58-472D-917D-2951FA387643}.Release|x86.Build.0 = Release|Win32
		{112F0C59-CE09-44AD-8DF3-78E929505045}.Debug|x64.ActiveCfg = Debug|x64
		{112F0C59-CE09-44AD-8DF3-78E929505045}.Debug|x64.Build.0 = Debug|x64
		{112F0C59-CE09-44AD-8DF3-78E929505045}.Debug|x86.ActiveCfg = Debug|Win32
		{112F0C59-CE09-44AD-8DF3-78E929505045}.Debug|x86.Build.0 = Debug|Win32
		{112F0C59-CE09-44AD-8DF3-78E929505045}.Release|x64.ActiveCfg = Release|x64
		{112F0C59-CE09-44AD-8DF3-78E929505045}.Release|x64.Build.0 = Release|x64
		{112F0C59-CE09-44AD-8DF3-78E929505045}.Release|x86.ActiveCfg = Release|Win32
		{112F0C59-CE09-44AD-8DF3-78E929505045}.Release|x86.Build.0 = Release|Win32
	EndGlobalSection
	GlobalSection(SolutionProperties) = preSolution
		HideSolutionNode = FALSE
	EndGlobalSection
	GlobalSection(ExtensibilityGlobals) = postSolution
		SolutionGuid = {18BE7F2B-3E21-4749-B790-24B1B6E54187}
	EndGlobalSection
EndGlobal
